
Microsoft Visual Studio Solution File, Format Version 12.00
# Visual Studio Version 17
VisualStudioVersion = 17.7.34031.279
MinimumVisualStudioVersion = 10.0.40219.1
Project("{FAE04EC0-301F-11D3-BF4B-00C04F79EFBC}") = "Pharmacy_Inventory", "Pharmacy_Inventory\Pharmacy_Inventory.csproj", "{BA4251EE-9687-482F-B4B8-98DF4BC38DAA}"
EndProject
Global
	GlobalSection(SolutionConfigurationPlatforms) = preSolution
		Debug|Any CPU = Debug|Any CPU
		Release|Any CPU = Release|Any CPU
	EndGlobalSection
	GlobalSection(ProjectConfigurationPlatforms) = postSolution
		{BA4251EE-9687-482F-B4B8-98DF4BC38DAA}.Debug|Any CPU.ActiveCfg = Debug|Any CPU
		{BA4251EE-9687-482F-B4B8-98DF4BC38DAA}.Debug|Any CPU.Build.0 = Debug|Any CPU
		{BA4251EE-9687-482F-B4B8-98DF4BC38DAA}.Release|Any CPU.ActiveCfg = Release|Any CPU
		{BA4251EE-9687-482F-B4B8-98DF4BC38DAA}.Release|Any CPU.Build.0 = Release|Any CPU
	EndGlobalSection
	GlobalSection(SolutionProperties) = preSolution
		HideSolutionNode = FALSE
	EndGlobalSection
	GlobalSection(ExtensibilityGlobals) = postSolution
		SolutionGuid = {D3C4D9BD-8F03-40E7-8B48-13BFFACA18BA}
	EndGlobalSection
EndGlobal
